
Microsoft Visual Studio Solution File, Format Version 12.00
# Visual Studio Version 17
VisualStudioVersion = 17.5.002.0
MinimumVisualStudioVersion = 10.0.40219.1
Project("{9A19103F-16F7-4668-BE54-9A1E7A4F7556}") = "SampleApi", "SampleApi\SampleApi.csproj", "{F2E0D08C-423A-4D27-9316-1E1594A8A446}"
EndProject
Global
	GlobalSection(SolutionConfigurationPlatforms) = preSolution
		Debug|Any CPU = Debug|Any CPU
		Release|Any CPU = Release|Any CPU
	EndGlobalSection
	GlobalSection(ProjectConfigurationPlatforms) = postSolution
		{F2E0D08C-423A-4D27-9316-1E1594A8A446}.Debug|Any CPU.ActiveCfg = Debug|Any CPU
		{F2E0D08C-423A-4D27-9316-1E1594A8A446}.Debug|Any CPU.Build.0 = Debug|Any CPU
		{F2E0D08C-423A-4D27-9316-1E1594A8A446}.Release|Any CPU.ActiveCfg = Release|Any CPU
		{F2E0D08C-423A-4D27-9316-1E1594A8A446}.Release|Any CPU.Build.0 = Release|Any CPU
	EndGlobalSection
	GlobalSection(SolutionProperties) = preSolution
		HideSolutionNode = FALSE
	EndGlobalSection
	GlobalSection(ExtensibilityGlobals) = postSolution
		SolutionGuid = {9E78C9F9-DE17-42A8-984E-6F8EABD69F88}
	EndGlobalSection
EndGlobal
